{
  "nodes": {
    "nixpkgs": {
      "locked": {
        "lastModified": 1790578696,
        "narHash": "sha256-ZoxIApko70jCdbH3l20HWXOBaT2HZd87orzd2yJ9dVE=",
        "owner": "NixOS",
        "repo": "nixpkgs",
        "rev": "7a0f122f5090cf4c2ade2a13a0e229d4e19ba71f",
        "type": "github"
      },
      "original": {
        "owner": "NixOS",
        "ref": "nixos-unstable",
        "repo": "nixpkgs",
        "type": "github"
      }
    },
    "playwright-nixpkgs": {
      "flake": false,
      "locked": {
        "lastModified": 1783079170,
        "narHash": "sha256-Iwqi/HUUut0bmViXcTIlD00Ae7uUk1LzNUD/Xfkz8nI=",
        "owner": "NixOS",
        "repo": "nixpkgs",
        "rev": "f2676046a1cba86d6f86a64f5b6d427b2f4dec96",
        "type": "github"
      },
      "original": {
        "owner": "NixOS",
        "repo": "nixpkgs",
        "rev": "f2676046a1cba86d6f86a64f5b6d427b2f4dec96",
        "type": "github"
      }
    },
    "root": {
      "inputs": {
        "nixpkgs": "nixpkgs",
        "playwright-nixpkgs": "playwright-nixpkgs"
      }
    }
  },
  "root": "root",
  "version": 7
}
